
Microsoft Visual Studio Solution File, Format Version 12.00
# Visual Studio Version 16
VisualStudioVersion = 16.0.29020.237
MinimumVisualStudioVersion = 10.0.40219.1
Project("{FAE04EC0-301F-11D3-BF4B-00C04F79EFBC}") = "KidCom", "KidCom\KidCom.csproj", "{D2DCC1BD-3017-49ED-95B2-4B313BF3F793}"
EndProject
Global
	GlobalSection(SolutionConfigurationPlatforms) = preSolution
		Debug|Any CPU = Debug|Any CPU
		Release|Any CPU = Release|Any CPU
	EndGlobalSection
	GlobalSection(ProjectConfigurationPlatforms) = postSolution
		{D2DCC1BD-3017-49ED-95B2-4B313BF3F793}.Debug|Any CPU.ActiveCfg = Debug|Any CPU
		{D2DCC1BD-3017-49ED-95B2-4B313BF3F793}.Debug|Any CPU.Build.0 = Debug|Any CPU
		{D2DCC1BD-3017-49ED-95B2-4B313BF3F793}.Release|Any CPU.ActiveCfg = Release|Any CPU
		{D2DCC1BD-3017-49ED-95B2-4B313BF3F793}.Release|Any CPU.Build.0 = Release|Any CPU
	EndGlobalSection
	GlobalSection(SolutionProperties) = preSolution
		HideSolutionNode = FALSE
	EndGlobalSection
	GlobalSection(ExtensibilityGlobals) = postSolution
		SolutionGuid = {702A143C-7E29-4FA0-8311-8CB1F1ABC8BA}
	EndGlobalSection
EndGlobal
